
Microsoft Visual Studio Solution File, Format Version 12.00
# Visual Studio Version 17
VisualStudioVersion = 17.1.32414.318
MinimumVisualStudioVersion = 10.0.40219.1
Project("{888888A0-9F3D-457C-B088-3A5042F75D52}") = "SpineRegNet", "SpineRegNet\SpineRegNet.pyproj", "{C808AC17-D7C8-4C80-B007-163494D41BB3}"
EndProject
Global
	GlobalSection(SolutionConfigurationPlatforms) = preSolution
		Debug|Any CPU = Debug|Any CPU
		Release|Any CPU = Release|Any CPU
	EndGlobalSection
	GlobalSection(ProjectConfigurationPlatforms) = postSolution
		{C808AC17-D7C8-4C80-B007-163494D41BB3}.Debug|Any CPU.ActiveCfg = Debug|Any CPU
		{C808AC17-D7C8-4C80-B007-163494D41BB3}.Release|Any CPU.ActiveCfg = Release|Any CPU
	EndGlobalSection
	GlobalSection(SolutionProperties) = preSolution
		HideSolutionNode = FALSE
	EndGlobalSection
	GlobalSection(ExtensibilityGlobals) = postSolution
		SolutionGuid = {1BA310C4-1EF9-45C6-92CE-48F4CC50014C}
	EndGlobalSection
EndGlobal
